{
  "name": "lockfile-pinning-fixture",
  "lockfileVersion": 3,
  "requires": true,
  "packages": {
    "": {
      "name": "lockfile-pinning-fixture",
      "dependencies": {
        "make-dir": "^3.0.0"
      }
    },
    "node_modules/make-dir": {
      "version": "3.0.0",
      "dependencies": {
        "semver": "^6.0.0"
      }
    },
    "node_modules/semver": {
      "version": "6.3.0"
    }
  }
}
