# This file is generated by running "yarn install" inside your project.
# Manual changes might be lost - proceed with caution!

__metadata:
  version: 8
  cacheKey: 10c0

"make-dir@npm:^3.0.0":
  version: 3.0.0
  resolution: "make-dir@npm:3.0.0"
  dependencies:
    semver: "npm:^6.0.0"

"semver@npm:^6.0.0":
  version: 6.3.0
  resolution: "semver@npm:6.3.0"
